{
  "name": "@fooloomanzoo/datetime-picker",
  "version": "2.7.10",
  "lockfileVersion": 1,
  "requires": true,
  "dependencies": {
    "@polymer/polymer": {
      "version": "2.5.0",
      "resolved": "https://registry.npmjs.org/@polymer/polymer/-/polymer-2.5.0.tgz",
      "integrity": "sha512-9ows2NdP1gTCzd2sGgzpnD/FppOB7/rAJIKLkVHmuuKxZgv5EDAWV2kup6Fexq86ks7SxkOXtoz8oJK9EDWtSQ=="
    }
  }
}
