{
  "name": "@fooloomanzoo/datetime-picker",
  "version": "2.8.10",
  "lockfileVersion": 1,
  "requires": true,
  "dependencies": {
    "@fooloomanzoo/datetime-input": {
      "version": "2.2.4",
      "resolved": "https://registry.npmjs.org/@fooloomanzoo/datetime-input/-/datetime-input-2.2.4.tgz",
      "integrity": "sha512-Kn7aCVlY/rh1fJaaU5Tih8b9GpHPccJD/4UxT5cQLa/v6Xr9/zEIkQeEVPVpclWhMEvDDLxRnV4x3/b0sLUcRw==",
      "requires": {
        "@fooloomanzoo/input-picker-pattern": "2.1.8",
        "@fooloomanzoo/number-input": "2.2.2",
        "@fooloomanzoo/property-mixins": "2.3.8",
        "@polymer/polymer": "2.5.0"
      }
    },
    "@fooloomanzoo/input-picker-pattern": {
      "version": "2.1.8",
      "resolved": "https://registry.npmjs.org/@fooloomanzoo/input-picker-pattern/-/input-picker-pattern-2.1.8.tgz",
      "integrity": "sha512-JuAKADWWvNzwBh+t0ySluzrFj2YPUVnhXQcKSByqVVmerdF40fiSa4puvAZSq8Sg+LfRkYnZbXo4L1EaMj7p/Q==",
      "requires": {
        "@polymer/iron-overlay-behavior": "0.0.3",
        "@polymer/polymer": "2.5.0"
      }
    },
    "@fooloomanzoo/number-input": {
      "version": "2.2.2",
      "resolved": "https://registry.npmjs.org/@fooloomanzoo/number-input/-/number-input-2.2.2.tgz",
      "integrity": "sha512-7lVm2sFX/mW6IkkGS1zjKHJwU+Dbfw9vJXuBldTaQNnoeX9gywFOpRwKw0kQFdTfHSd6t707nH8jyOLTpTyI+A==",
      "requires": {
        "@fooloomanzoo/input-picker-pattern": "2.1.8",
        "@fooloomanzoo/property-mixins": "2.3.8",
        "@polymer/polymer": "2.5.0"
      }
    },
    "@fooloomanzoo/property-mixins": {
      "version": "2.3.8",
      "resolved": "https://registry.npmjs.org/@fooloomanzoo/property-mixins/-/property-mixins-2.3.8.tgz",
      "integrity": "sha512-8lioJkiksaDLc4lh6EoHN6TleRk8vI/FCZH8qLAvI2+YIg211fu+a+w1/JJWNuW5Kl7xYmkeAHkDzcB2nYClUg=="
    },
    "@polymer/iron-fit-behavior": {
      "version": "0.0.3",
      "resolved": "https://registry.npmjs.org/@polymer/iron-fit-behavior/-/iron-fit-behavior-0.0.3.tgz",
      "integrity": "sha1-LYA5nk+r9LdeCBxfgSJO+b+pjUw=",
      "requires": {
        "@polymer/polymer": "1.2.5-npm-test.2"
      },
      "dependencies": {
        "@polymer/polymer": {
          "version": "1.2.5-npm-test.2",
          "resolved": "https://registry.npmjs.org/@polymer/polymer/-/polymer-1.2.5-npm-test.2.tgz",
          "integrity": "sha1-eTD1ZjwvaGkVRR0hHmY6qZl9czY=",
          "requires": {
            "webcomponents.js": "0.7.24"
          }
        }
      }
    },
    "@polymer/iron-overlay-behavior": {
      "version": "0.0.3",
      "resolved": "https://registry.npmjs.org/@polymer/iron-overlay-behavior/-/iron-overlay-behavior-0.0.3.tgz",
      "integrity": "sha1-TFy7uRuSQLtvgkBAzpf2F/Xud1Y=",
      "requires": {
        "@polymer/iron-fit-behavior": "0.0.3",
        "@polymer/iron-resizable-behavior": "0.0.3",
        "@polymer/polymer": "1.2.5-npm-test.2"
      },
      "dependencies": {
        "@polymer/polymer": {
          "version": "1.2.5-npm-test.2",
          "resolved": "https://registry.npmjs.org/@polymer/polymer/-/polymer-1.2.5-npm-test.2.tgz",
          "integrity": "sha1-eTD1ZjwvaGkVRR0hHmY6qZl9czY=",
          "requires": {
            "webcomponents.js": "0.7.24"
          }
        }
      }
    },
    "@polymer/iron-resizable-behavior": {
      "version": "0.0.3",
      "resolved": "https://registry.npmjs.org/@polymer/iron-resizable-behavior/-/iron-resizable-behavior-0.0.3.tgz",
      "integrity": "sha1-IFRw+EBwZUkJo2C1M7ZZmy2AY1Q=",
      "requires": {
        "@polymer/polymer": "1.2.5-npm-test.2"
      },
      "dependencies": {
        "@polymer/polymer": {
          "version": "1.2.5-npm-test.2",
          "resolved": "https://registry.npmjs.org/@polymer/polymer/-/polymer-1.2.5-npm-test.2.tgz",
          "integrity": "sha1-eTD1ZjwvaGkVRR0hHmY6qZl9czY=",
          "requires": {
            "webcomponents.js": "0.7.24"
          }
        }
      }
    },
    "@polymer/polymer": {
      "version": "2.5.0",
      "resolved": "https://registry.npmjs.org/@polymer/polymer/-/polymer-2.5.0.tgz",
      "integrity": "sha512-9ows2NdP1gTCzd2sGgzpnD/FppOB7/rAJIKLkVHmuuKxZgv5EDAWV2kup6Fexq86ks7SxkOXtoz8oJK9EDWtSQ=="
    },
    "webcomponents.js": {
      "version": "0.7.24",
      "resolved": "https://registry.npmjs.org/webcomponents.js/-/webcomponents.js-0.7.24.tgz",
      "integrity": "sha1-IRb7+hRo7EFqe+/aozPh0Rj2nAQ="
    }
  }
}
